// !$*UTF8*$!
{
	archiveVersion = 1;
	classes = {
	};
	objectVersion = 55;
	objects = {

/* Begin PBXBuildFile section */
		FB1F26CE27B1C6B2001D2FCF /* LiquidSwipeView.swift in Sources */ = {isa = PBXBuildFile; fileRef = FB1F26CD27B1C6B2001D2FCF /* LiquidSwipeView.swift */; };
		FB1F26D527B26A00001D2FCF /* apipractice.json in Resources */ = {isa = PBXBuildFile; fileRef = FB1F26D427B26A00001D2FCF /* apipractice.json */; };
		FB1F26D727B32672001D2FCF /* EmojiBackground.swift in Sources */ = {isa = PBXBuildFile; fileRef = FB1F26D627B32672001D2FCF /* EmojiBackground.swift */; };
		FB3D531127B0850C00CFC08C /* CardView.swift in Sources */ = {isa = PBXBuildFile; fileRef = FB3D531027B0850C00CFC08C /* CardView.swift */; };
		FB3D531327B0853500CFC08C /* ModData.swift in Sources */ = {isa = PBXBuildFile; fileRef = FB3D531227B0853500CFC08C /* ModData.swift */; };
		FB3D531927B0947700CFC08C /* EmojiAPI.swift in Sources */ = {isa = PBXBuildFile; fileRef = FB3D531827B0947700CFC08C /* EmojiAPI.swift */; };
		FB3D532027B0F61200CFC08C /* ContentView.swift in Resources */ = {isa = PBXBuildFile; fileRef = FB69376A27B06F3A00BAB73D /* ContentView.swift */; };
		FB3D532227B0F9F100CFC08C /* EmojiView.swift in Sources */ = {isa = PBXBuildFile; fileRef = FB3D532127B0F9F100CFC08C /* EmojiView.swift */; };
		FB69376927B06F3A00BAB73D /* EmojiCardApp.swift in Sources */ = {isa = PBXBuildFile; fileRef = FB69376827B06F3A00BAB73D /* EmojiCardApp.swift */; };
		FB69376B27B06F3A00BAB73D /* ContentView.swift in Sources */ = {isa = PBXBuildFile; fileRef = FB69376A27B06F3A00BAB73D /* ContentView.swift */; };
		FB69376D27B06F3B00BAB73D /* Assets.xcassets in Resources */ = {isa = PBXBuildFile; fileRef = FB69376C27B06F3B00BAB73D /* Assets.xcassets */; };
		FB69377027B06F3B00BAB73D /* Preview Assets.xcassets in Resources */ = {isa = PBXBuildFile; fileRef = FB69376F27B06F3B00BAB73D /* Preview Assets.xcassets */; };
/* End PBXBuildFile section */

/* Begin PBXFileReference section */
		FB1F26CD27B1C6B2001D2FCF /* LiquidSwipeView.swift */ = {isa = PBXFileReference; lastKnownFileType = sourcecode.swift; path = LiquidSwipeView.swift; sourceTree = "<group>"; };
		FB1F26D427B26A00001D2FCF /* apipractice.json */ = {isa = PBXFileReference; fileEncoding = 4; lastKnownFileType = text.json; path = apipractice.json; sourceTree = "<group>"; };
		FB1F26D627B32672001D2FCF /* EmojiBackground.swift */ = {isa = PBXFileReference; lastKnownFileType = sourcecode.swift; path = EmojiBackground.swift; sourceTree = "<group>"; };
		FB3D531027B0850C00CFC08C /* CardView.swift */ = {isa = PBXFileReference; lastKnownFileType = sourcecode.swift; path = CardView.swift; sourceTree = "<group>"; };
		FB3D531227B0853500CFC08C /* ModData.swift */ = {isa = PBXFileReference; lastKnownFileType = sourcecode.swift; path = ModData.swift; sourceTree = "<group>"; };
		FB3D531827B0947700CFC08C /* EmojiAPI.swift */ = {isa = PBXFileReference; lastKnownFileType = sourcecode.swift; path = EmojiAPI.swift; sourceTree = "<group>"; };
		FB3D532127B0F9F100CFC08C /* EmojiView.swift */ = {isa = PBXFileReference; lastKnownFileType = sourcecode.swift; path = EmojiView.swift; sourceTree = "<group>"; };
		FB69376527B06F3A00BAB73D /* EmojiCard.app */ = {isa = PBXFileReference; explicitFileType = wrapper.application; includeInIndex = 0; path = EmojiCard.app; sourceTree = BUILT_PRODUCTS_DIR; };
		FB69376827B06F3A00BAB73D /* EmojiCardApp.swift */ = {isa = PBXFileReference; lastKnownFileType = sourcecode.swift; path = EmojiCardApp.swift; sourceTree = "<group>"; };
		FB69376A27B06F3A00BAB73D /* ContentView.swift */ = {isa = PBXFileReference; lastKnownFileType = sourcecode.swift; path = ContentView.swift; sourceTree = "<group>"; };
		FB69376C27B06F3B00BAB73D /* Assets.xcassets */ = {isa = PBXFileReference; lastKnownFileType = folder.assetcatalog; path = Assets.xcassets; sourceTree = "<group>"; };
		FB69376F27B06F3B00BAB73D /* Preview Assets.xcassets */ = {isa = PBXFileReference; lastKnownFileType = folder.assetcatalog; path = "Preview Assets.xcassets"; sourceTree = "<group>"; };
/* End PBXFileReference section */

/* Begin PBXFrameworksBuildPhase section */
		FB69376227B06F3A00BAB73D /* Frameworks */ = {
			isa = PBXFrameworksBuildPhase;
			buildActionMask = 2147483647;
			files = (
			);
			runOnlyForDeploymentPostprocessing = 0;
		};
/* End PBXFrameworksBuildPhase section */

/* Begin PBXGroup section */
		FB1F26D127B1E60D001D2FCF /* View */ = {
			isa = PBXGroup;
			children = (
				FB1F26CD27B1C6B2001D2FCF /* LiquidSwipeView.swift */,
				FB3D531027B0850C00CFC08C /* CardView.swift */,
				FB3D532127B0F9F100CFC08C /* EmojiView.swift */,
				FB1F26D627B32672001D2FCF /* EmojiBackground.swift */,
			);
			path = View;
			sourceTree = "<group>";
		};
		FB1F26D227B1E625001D2FCF /* data */ = {
			isa = PBXGroup;
			children = (
				FB3D531227B0853500CFC08C /* ModData.swift */,
				FB3D531827B0947700CFC08C /* EmojiAPI.swift */,
				FB1F26D427B26A00001D2FCF /* apipractice.json */,
			);
			path = data;
			sourceTree = "<group>";
		};
		FB69375C27B06F3A00BAB73D = {
			isa = PBXGroup;
			children = (
				FB69376727B06F3A00BAB73D /* EmojiCard */,
				FB69376627B06F3A00BAB73D /* Products */,
			);
			sourceTree = "<group>";
		};
		FB69376627B06F3A00BAB73D /* Products */ = {
			isa = PBXGroup;
			children = (
				FB69376527B06F3A00BAB73D /* EmojiCard.app */,
			);
			name = Products;
			sourceTree = "<group>";
		};
		FB69376727B06F3A00BAB73D /* EmojiCard */ = {
			isa = PBXGroup;
			children = (
				FB69376827B06F3A00BAB73D /* EmojiCardApp.swift */,
				FB69376A27B06F3A00BAB73D /* ContentView.swift */,
				FB1F26D127B1E60D001D2FCF /* View */,
				FB1F26D227B1E625001D2FCF /* data */,
				FB69376C27B06F3B00BAB73D /* Assets.xcassets */,
				FB69376E27B06F3B00BAB73D /* Preview Content */,
			);
			path = EmojiCard;
			sourceTree = "<group>";
		};
		FB69376E27B06F3B00BAB73D /* Preview Content */ = {
			isa = PBXGroup;
			children = (
				FB69376F27B06F3B00BAB73D /* Preview Assets.xcassets */,
			);
			path = "Preview Content";
			sourceTree = "<group>";
		};
/* End PBXGroup section */

/* Begin PBXNativeTarget section */
		FB69376427B06F3A00BAB73D /* EmojiCard */ = {
			isa = PBXNativeTarget;
			buildConfigurationList = FB69377327B06F3B00BAB73D /* Build configuration list for PBXNativeTarget "EmojiCard" */;
			buildPhases = (
				FB69376127B06F3A00BAB73D /* Sources */,
				FB69376227B06F3A00BAB73D /* Frameworks */,
				FB69376327B06F3A00BAB73D /* Resources */,
			);
			buildRules = (
			);
			dependencies = (
			);
			name = EmojiCard;
			productName = EmojiCard;
			productReference = FB69376527B06F3A00BAB73D /* EmojiCard.app */;
			productType = "com.apple.product-type.application";
		};
/* End PBXNativeTarget section */

/* Begin PBXProject section */
		FB69375D27B06F3A00BAB73D /* Project object */ = {
			isa = PBXProject;
			attributes = {
				BuildIndependentTargetsInParallel = 1;
				LastSwiftUpdateCheck = 1320;
				LastUpgradeCheck = 1320;
				TargetAttributes = {
					FB69376427B06F3A00BAB73D = {
						CreatedOnToolsVersion = 13.2.1;
					};
				};
			};
			buildConfigurationList = FB69376027B06F3A00BAB73D /* Build configuration list for PBXProject "EmojiCard" */;
			compatibilityVersion = "Xcode 13.0";
			developmentRegion = en;
			hasScannedForEncodings = 0;
			knownRegions = (
				en,
				Base,
			);
			mainGroup = FB69375C27B06F3A00BAB73D;
			productRefGroup = FB69376627B06F3A00BAB73D /* Products */;
			projectDirPath = "";
			projectRoot = "";
			targets = (
				FB69376427B06F3A00BAB73D /* EmojiCard */,
			);
		};
/* End PBXProject section */

/* Begin PBXResourcesBuildPhase section */
		FB69376327B06F3A00BAB73D /* Resources */ = {
			isa = PBXResourcesBuildPhase;
			buildActionMask = 2147483647;
			files = (
				FB3D532027B0F61200CFC08C /* ContentView.swift in Resources */,
				FB1F26D527B26A00001D2FCF /* apipractice.json in Resources */,
				FB69377027B06F3B00BAB73D /* Preview Assets.xcassets in Resources */,
				FB69376D27B06F3B00BAB73D /* Assets.xcassets in Resources */,
			);
			runOnlyForDeploymentPostprocessing = 0;
		};
/* End PBXResourcesBuildPhase section */

/* Begin PBXSourcesBuildPhase section */
		FB69376127B06F3A00BAB73D /* Sources */ = {
			isa = PBXSourcesBuildPhase;
			buildActionMask = 2147483647;
			files = (
				FB3D531927B0947700CFC08C /* EmojiAPI.swift in Sources */,
				FB69376B27B06F3A00BAB73D /* ContentView.swift in Sources */,
				FB3D531127B0850C00CFC08C /* CardView.swift in Sources */,
				FB1F26CE27B1C6B2001D2FCF /* LiquidSwipeView.swift in Sources */,
				FB1F26D727B32672001D2FCF /* EmojiBackground.swift in Sources */,
				FB69376927B06F3A00BAB73D /* EmojiCardApp.swift in Sources */,
				FB3D531327B0853500CFC08C /* ModData.swift in Sources */,
				FB3D532227B0F9F100CFC08C /* EmojiView.swift in Sources */,
			);
			runOnlyForDeploymentPostprocessing = 0;
		};
/* End PBXSourcesBuildPhase section */

/* Begin XCBuildConfiguration section */
		FB69377127B06F3B00BAB73D /* Debug */ = {
			isa = XCBuildConfiguration;
			buildSettings = {
				ALWAYS_SEARCH_USER_PATHS = NO;
				CLANG_ANALYZER_NONNULL = YES;
				CLANG_ANALYZER_NUMBER_OBJECT_CONVERSION = YES_AGGRESSIVE;
				CLANG_CXX_LANGUAGE_STANDARD = "gnu++17";
				CLANG_CXX_LIBRARY = "libc++";
				CLANG_ENABLE_MODULES = YES;
				CLANG_ENABLE_OBJC_ARC = YES;
				CLANG_ENABLE_OBJC_WEAK = YES;
				CLANG_WARN_BLOCK_CAPTURE_AUTORELEASING = YES;
				CLANG_WARN_BOOL_CONVERSION = YES;
				CLANG_WARN_COMMA = YES;
				CLANG_WARN_CONSTANT_CONVERSION = YES;
				CLANG_WARN_DEPRECATED_OBJC_IMPLEMENTATIONS = YES;
				CLANG_WARN_DIRECT_OBJC_ISA_USAGE = YES_ERROR;
				CLANG_WARN_DOCUMENTATION_COMMENTS = YES;
				CLANG_WARN_EMPTY_BODY = YES;
				CLANG_WARN_ENUM_CONVERSION = YES;
				CLANG_WARN_INFINITE_RECURSION = YES;
				CLANG_WARN_INT_CONVERSION = YES;
				CLANG_WARN_NON_LITERAL_NULL_CONVERSION = YES;
				CLANG_WARN_OBJC_IMPLICIT_RETAIN_SELF = YES;
				CLANG_WARN_OBJC_LITERAL_CONVERSION = YES;
				CLANG_WARN_OBJC_ROOT_CLASS = YES_ERROR;
				CLANG_WARN_QUOTED_INCLUDE_IN_FRAMEWORK_HEADER = YES;
				CLANG_WARN_RANGE_LOOP_ANALYSIS = YES;
				CLANG_WARN_STRICT_PROTOTYPES = YES;
				CLANG_WARN_SUSPICIOUS_MOVE = YES;
				CLANG_WARN_UNGUARDED_AVAILABILITY = YES_AGGRESSIVE;
				CLANG_WARN_UNREACHABLE_CODE = YES;
				CLANG_WARN__DUPLICATE_METHOD_MATCH = YES;
				COPY_PHASE_STRIP = NO;
				DEBUG_INFORMATION_FORMAT = dwarf;
				ENABLE_STRICT_OBJC_MSGSEND = YES;
				ENABLE_TESTABILITY = YES;
				GCC_C_LANGUAGE_STANDARD = gnu11;
				GCC_DYNAMIC_NO_PIC = NO;
				GCC_NO_COMMON_BLOCKS = YES;
				GCC_OPTIMIZATION_LEVEL = 0;
				GCC_PREPROCESSOR_DEFINITIONS = (
					"DEBUG=1",
					"$(inherited)",
				);
				GCC_WARN_64_TO_32_BIT_CONVERSION = YES;
				GCC_WARN_ABOUT_RETURN_TYPE = YES_ERROR;
				GCC_WARN_UNDECLARED_SELECTOR = YES;
				GCC_WARN_UNINITIALIZED_AUTOS = YES_AGGRESSIVE;
				GCC_WARN_UNUSED_FUNCTION = YES;
				GCC_WARN_UNUSED_VARIABLE = YES;
				IPHONEOS_DEPLOYMENT_TARGET = 15.2;
				MTL_ENABLE_DEBUG_INFO = INCLUDE_SOURCE;
				MTL_FAST_MATH = YES;
				ONLY_ACTIVE_ARCH = YES;
				SDKROOT = iphoneos;
				SWIFT_ACTIVE_COMPILATION_CONDITIONS = DEBUG;
				SWIFT_OPTIMIZATION_LEVEL = "-Onone";
			};
			name = Debug;
		};
		FB69377227B06F3B00BAB73D /* Release */ = {
			isa = XCBuildConfiguration;
			buildSettings = {
				ALWAYS_SEARCH_USER_PATHS = NO;
				CLANG_ANALYZER_NONNULL = YES;
				CLANG_ANALYZER_NUMBER_OBJECT_CONVERSION = YES_AGGRESSIVE;
				CLANG_CXX_LANGUAGE_STANDARD = "gnu++17";
				CLANG_CXX_LIBRARY = "libc++";
				CLANG_ENABLE_MODULES = YES;
				CLANG_ENABLE_OBJC_ARC = YES;
				CLANG_ENABLE_OBJC_WEAK = YES;
				CLANG_WARN_BLOCK_CAPTURE_AUTORELEASING = YES;
				CLANG_WARN_BOOL_CONVERSION = YES;
				CLANG_WARN_COMMA = YES;
				CLANG_WARN_CONSTANT_CONVERSION = YES;
				CLANG_WARN_DEPRECATED_OBJC_IMPLEMENTATIONS = YES;
				CLANG_WARN_DIRECT_OBJC_ISA_USAGE = YES_ERROR;
				CLANG_WARN_DOCUMENTATION_COMMENTS = YES;
				CLANG_WARN_EMPTY_BODY = YES;
				CLANG_WARN_ENUM_CONVERSION = YES;
				CLANG_WARN_INFINITE_RECURSION = YES;
				CLANG_WARN_INT_CONVERSION = YES;
				CLANG_WARN_NON_LITERAL_NULL_CONVERSION = YES;
				CLANG_WARN_OBJC_IMPLICIT_RETAIN_SELF = YES;
				CLANG_WARN_OBJC_LITERAL_CONVERSION = YES;
				CLANG_WARN_OBJC_ROOT_CLASS = YES_ERROR;
				CLANG_WARN_QUOTED_INCLUDE_IN_FRAMEWORK_HEADER = YES;
				CLANG_WARN_RANGE_LOOP_ANALYSIS = YES;
				CLANG_WARN_STRICT_PROTOTYPES = YES;
				CLANG_WARN_SUSPICIOUS_MOVE = YES;
				CLANG_WARN_UNGUARDED_AVAILABILITY = YES_AGGRESSIVE;
				CLANG_WARN_UNREACHABLE_CODE = YES;
				CLANG_WARN__DUPLICATE_METHOD_MATCH = YES;
				COPY_PHASE_STRIP = NO;
				DEBUG_INFORMATION_FORMAT = "dwarf-with-dsym";
				ENABLE_NS_ASSERTIONS = NO;
				ENABLE_STRICT_OBJC_MSGSEND = YES;
				GCC_C_LANGUAGE_STANDARD = gnu11;
				GCC_NO_COMMON_BLOCKS = YES;
				GCC_WARN_64_TO_32_BIT_CONVERSION = YES;
				GCC_WARN_ABOUT_RETURN_TYPE = YES_ERROR;
				GCC_WARN_UNDECLARED_SELECTOR = YES;
				GCC_WARN_UNINITIALIZED_AUTOS = YES_AGGRESSIVE;
				GCC_WARN_UNUSED_FUNCTION = YES;
				GCC_WARN_UNUSED_VARIABLE = YES;
				IPHONEOS_DEPLOYMENT_TARGET = 15.2;
				MTL_ENABLE_DEBUG_INFO = NO;
				MTL_FAST_MATH = YES;
				SDKROOT = iphoneos;
				SWIFT_COMPILATION_MODE = wholemodule;
				SWIFT_OPTIMIZATION_LEVEL = "-O";
				VALIDATE_PRODUCT = YES;
			};
			name = Release;
		};
		FB69377427B06F3B00BAB73D /* Debug */ = {
			isa = XCBuildConfiguration;
			buildSettings = {
				ASSETCATALOG_COMPILER_APPICON_NAME = AppIcon;
				ASSETCATALOG_COMPILER_GLOBAL_ACCENT_COLOR_NAME = AccentColor;
				CODE_SIGN_STYLE = Automatic;
				CURRENT_PROJECT_VERSION = 1;
				DEVELOPMENT_ASSET_PATHS = "\"EmojiCard/Preview Content\"";
				DEVELOPMENT_TEAM = LD578K3BS7;
				ENABLE_PREVIEWS = YES;
				GENERATE_INFOPLIST_FILE = YES;
				INFOPLIST_KEY_UIApplicationSceneManifest_Generation = YES;
				INFOPLIST_KEY_UIApplicationSupportsIndirectInputEvents = YES;
				INFOPLIST_KEY_UILaunchScreen_Generation = YES;
				INFOPLIST_KEY_UISupportedInterfaceOrientations_iPad = "UIInterfaceOrientationPortrait UIInterfaceOrientationPortraitUpsideDown UIInterfaceOrientationLandscapeLeft UIInterfaceOrientationLandscapeRight";
				INFOPLIST_KEY_UISupportedInterfaceOrientations_iPhone = "UIInterfaceOrientationPortrait UIInterfaceOrientationLandscapeLeft UIInterfaceOrientationLandscapeRight";
				IPHONEOS_DEPLOYMENT_TARGET = 15.0;
				LD_RUNPATH_SEARCH_PATHS = (
					"$(inherited)",
					"@executable_path/Frameworks",
				);
				MARKETING_VERSION = 1.0;
				PRODUCT_BUNDLE_IDENTIFIER = ryofuj.EmojiCard;
				PRODUCT_NAME = "$(TARGET_NAME)";
				SUPPORTED_PLATFORMS = "iphoneos iphonesimulator";
				SUPPORTS_MACCATALYST = NO;
				SUPPORTS_MAC_DESIGNED_FOR_IPHONE_IPAD = NO;
				SWIFT_EMIT_LOC_STRINGS = YES;
				SWIFT_VERSION = 5.0;
				TARGETED_DEVICE_FAMILY = 1;
			};
			name = Debug;
		};
		FB69377527B06F3B00BAB73D /* Release */ = {
			isa = XCBuildConfiguration;
			buildSettings = {
				ASSETCATALOG_COMPILER_APPICON_NAME = AppIcon;
				ASSETCATALOG_COMPILER_GLOBAL_ACCENT_COLOR_NAME = AccentColor;
				CODE_SIGN_STYLE = Automatic;
				CURRENT_PROJECT_VERSION = 1;
				DEVELOPMENT_ASSET_PATHS = "\"EmojiCard/Preview Content\"";
				DEVELOPMENT_TEAM = LD578K3BS7;
				ENABLE_PREVIEWS = YES;
				GENERATE_INFOPLIST_FILE = YES;
				INFOPLIST_KEY_UIApplicationSceneManifest_Generation = YES;
				INFOPLIST_KEY_UIApplicationSupportsIndirectInputEvents = YES;
				INFOPLIST_KEY_UILaunchScreen_Generation = YES;
				INFOPLIST_KEY_UISupportedInterfaceOrientations_iPad = "UIInterfaceOrientationPortrait UIInterfaceOrientationPortraitUpsideDown UIInterfaceOrientationLandscapeLeft UIInterfaceOrientationLandscapeRight";
				INFOPLIST_KEY_UISupportedInterfaceOrientations_iPhone = "UIInterfaceOrientationPortrait UIInterfaceOrientationLandscapeLeft UIInterfaceOrientationLandscapeRight";
				IPHONEOS_DEPLOYMENT_TARGET = 15.0;
				LD_RUNPATH_SEARCH_PATHS = (
					"$(inherited)",
					"@executable_path/Frameworks",
				);
				MARKETING_VERSION = 1.0;
				PRODUCT_BUNDLE_IDENTIFIER = ryofuj.EmojiCard;
				PRODUCT_NAME = "$(TARGET_NAME)";
				SUPPORTED_PLATFORMS = "iphoneos iphonesimulator";
				SUPPORTS_MACCATALYST = NO;
				SUPPORTS_MAC_DESIGNED_FOR_IPHONE_IPAD = NO;
				SWIFT_EMIT_LOC_STRINGS = YES;
				SWIFT_VERSION = 5.0;
				TARGETED_DEVICE_FAMILY = 1;
			};
			name = Release;
		};
/* End XCBuildConfiguration section */

/* Begin XCConfigurationList section */
		FB69376027B06F3A00BAB73D /* Build configuration list for PBXProject "EmojiCard" */ = {
			isa = XCConfigurationList;
			buildConfigurations = (
				FB69377127B06F3B00BAB73D /* Debug */,
				FB69377227B06F3B00BAB73D /* Release */,
			);
			defaultConfigurationIsVisible = 0;
			defaultConfigurationName = Release;
		};
		FB69377327B06F3B00BAB73D /* Build configuration list for PBXNativeTarget "EmojiCard" */ = {
			isa = XCConfigurationList;
			buildConfigurations = (
				FB69377427B06F3B00BAB73D /* Debug */,
				FB69377527B06F3B00BAB73D /* Release */,
			);
			defaultConfigurationIsVisible = 0;
			defaultConfigurationName = Release;
		};
/* End XCConfigurationList section */
	};
	rootObject = FB69375D27B06F3A00BAB73D /* Project object */;
}
