// !$*UTF8*$!
{
	archiveVersion = 1;
	classes = {
	};
	objectVersion = 55;
	objects = {

/* Begin PBXBuildFile section */
		FB1F912027AE283A00F2E07D /* CloudKit.framework in Frameworks */ = {isa = PBXBuildFile; fileRef = FB1F911F27AE283A00F2E07D /* CloudKit.framework */; };
		FB4B87E727ADD7FB007D6528 /* DatePickerView.swift in Sources */ = {isa = PBXBuildFile; fileRef = FB4B87E627ADD7FB007D6528 /* DatePickerView.swift */; };
		FB669AA227AE1B71006436AA /* PassKit.framework in Frameworks */ = {isa = PBXBuildFile; fileRef = FB669AA127AE1B71006436AA /* PassKit.framework */; };
		FB669AA427AE1B80006436AA /* HealthKit.framework in Frameworks */ = {isa = PBXBuildFile; fileRef = FB669AA327AE1B80006436AA /* HealthKit.framework */; };
		FB9F0C6F27AF5C2D00409B2A /* CardBackgroundView.swift in Sources */ = {isa = PBXBuildFile; fileRef = FB9F0C6E27AF5C2D00409B2A /* CardBackgroundView.swift */; };
		FBB1D54727ACDA930072CC2B /* CardView.swift in Sources */ = {isa = PBXBuildFile; fileRef = FBB1D54627ACDA930072CC2B /* CardView.swift */; };
		FBE411AA27ACD7A200CC9E0C /* DailyCheckinAppApp.swift in Sources */ = {isa = PBXBuildFile; fileRef = FBE411A927ACD7A200CC9E0C /* DailyCheckinAppApp.swift */; };
		FBE411AC27ACD7A200CC9E0C /* ContentView.swift in Sources */ = {isa = PBXBuildFile; fileRef = FBE411AB27ACD7A200CC9E0C /* ContentView.swift */; };
		FBE411AE27ACD7A300CC9E0C /* Assets.xcassets in Resources */ = {isa = PBXBuildFile; fileRef = FBE411AD27ACD7A300CC9E0C /* Assets.xcassets */; };
		FBE411B127ACD7A300CC9E0C /* Preview Assets.xcassets in Resources */ = {isa = PBXBuildFile; fileRef = FBE411B027ACD7A300CC9E0C /* Preview Assets.xcassets */; };
/* End PBXBuildFile section */

/* Begin PBXFileReference section */
		FB1F911F27AE283A00F2E07D /* CloudKit.framework */ = {isa = PBXFileReference; lastKnownFileType = wrapper.framework; name = CloudKit.framework; path = System/Library/Frameworks/CloudKit.framework; sourceTree = SDKROOT; };
		FB4B87E627ADD7FB007D6528 /* DatePickerView.swift */ = {isa = PBXFileReference; lastKnownFileType = sourcecode.swift; path = DatePickerView.swift; sourceTree = "<group>"; };
		FB669A9F27AE1B71006436AA /* DailyCheckinApp.entitlements */ = {isa = PBXFileReference; lastKnownFileType = text.plist.entitlements; path = DailyCheckinApp.entitlements; sourceTree = "<group>"; };
		FB669AA127AE1B71006436AA /* PassKit.framework */ = {isa = PBXFileReference; lastKnownFileType = wrapper.framework; name = PassKit.framework; path = System/Library/Frameworks/PassKit.framework; sourceTree = SDKROOT; };
		FB669AA327AE1B80006436AA /* HealthKit.framework */ = {isa = PBXFileReference; lastKnownFileType = wrapper.framework; name = HealthKit.framework; path = System/Library/Frameworks/HealthKit.framework; sourceTree = SDKROOT; };
		FB9F0C6E27AF5C2D00409B2A /* CardBackgroundView.swift */ = {isa = PBXFileReference; lastKnownFileType = sourcecode.swift; path = CardBackgroundView.swift; sourceTree = "<group>"; };
		FBB1D54627ACDA930072CC2B /* CardView.swift */ = {isa = PBXFileReference; lastKnownFileType = sourcecode.swift; path = CardView.swift; sourceTree = "<group>"; };
		FBE411A627ACD7A200CC9E0C /* DailyCheckinApp.app */ = {isa = PBXFileReference; explicitFileType = wrapper.application; includeInIndex = 0; path = DailyCheckinApp.app; sourceTree = BUILT_PRODUCTS_DIR; };
		FBE411A927ACD7A200CC9E0C /* DailyCheckinAppApp.swift */ = {isa = PBXFileReference; lastKnownFileType = sourcecode.swift; path = DailyCheckinAppApp.swift; sourceTree = "<group>"; };
		FBE411AB27ACD7A200CC9E0C /* ContentView.swift */ = {isa = PBXFileReference; lastKnownFileType = sourcecode.swift; path = ContentView.swift; sourceTree = "<group>"; };
		FBE411AD27ACD7A300CC9E0C /* Assets.xcassets */ = {isa = PBXFileReference; lastKnownFileType = folder.assetcatalog; path = Assets.xcassets; sourceTree = "<group>"; };
		FBE411B027ACD7A300CC9E0C /* Preview Assets.xcassets */ = {isa = PBXFileReference; lastKnownFileType = folder.assetcatalog; path = "Preview Assets.xcassets"; sourceTree = "<group>"; };
/* End PBXFileReference section */

/* Begin PBXFrameworksBuildPhase section */
		FBE411A327ACD7A200CC9E0C /* Frameworks */ = {
			isa = PBXFrameworksBuildPhase;
			buildActionMask = 2147483647;
			files = (
				FB1F912027AE283A00F2E07D /* CloudKit.framework in Frameworks */,
				FB669AA227AE1B71006436AA /* PassKit.framework in Frameworks */,
				FB669AA427AE1B80006436AA /* HealthKit.framework in Frameworks */,
			);
			runOnlyForDeploymentPostprocessing = 0;
		};
/* End PBXFrameworksBuildPhase section */

/* Begin PBXGroup section */
		FB669AA027AE1B71006436AA /* Frameworks */ = {
			isa = PBXGroup;
			children = (
				FB1F911F27AE283A00F2E07D /* CloudKit.framework */,
				FB669AA327AE1B80006436AA /* HealthKit.framework */,
				FB669AA127AE1B71006436AA /* PassKit.framework */,
			);
			name = Frameworks;
			sourceTree = "<group>";
		};
		FBE4119D27ACD7A200CC9E0C = {
			isa = PBXGroup;
			children = (
				FBE411A827ACD7A200CC9E0C /* DailyCheckinApp */,
				FBE411A727ACD7A200CC9E0C /* Products */,
				FB669AA027AE1B71006436AA /* Frameworks */,
			);
			sourceTree = "<group>";
		};
		FBE411A727ACD7A200CC9E0C /* Products */ = {
			isa = PBXGroup;
			children = (
				FBE411A627ACD7A200CC9E0C /* DailyCheckinApp.app */,
			);
			name = Products;
			sourceTree = "<group>";
		};
		FBE411A827ACD7A200CC9E0C /* DailyCheckinApp */ = {
			isa = PBXGroup;
			children = (
				FB669A9F27AE1B71006436AA /* DailyCheckinApp.entitlements */,
				FBE411A927ACD7A200CC9E0C /* DailyCheckinAppApp.swift */,
				FBE411AB27ACD7A200CC9E0C /* ContentView.swift */,
				FBB1D54627ACDA930072CC2B /* CardView.swift */,
				FB9F0C6E27AF5C2D00409B2A /* CardBackgroundView.swift */,
				FB4B87E627ADD7FB007D6528 /* DatePickerView.swift */,
				FBE411AD27ACD7A300CC9E0C /* Assets.xcassets */,
				FBE411AF27ACD7A300CC9E0C /* Preview Content */,
			);
			path = DailyCheckinApp;
			sourceTree = "<group>";
		};
		FBE411AF27ACD7A300CC9E0C /* Preview Content */ = {
			isa = PBXGroup;
			children = (
				FBE411B027ACD7A300CC9E0C /* Preview Assets.xcassets */,
			);
			path = "Preview Content";
			sourceTree = "<group>";
		};
/* End PBXGroup section */

/* Begin PBXNativeTarget section */
		FBE411A527ACD7A200CC9E0C /* DailyCheckinApp */ = {
			isa = PBXNativeTarget;
			buildConfigurationList = FBE411B427ACD7A300CC9E0C /* Build configuration list for PBXNativeTarget "DailyCheckinApp" */;
			buildPhases = (
				FBE411A227ACD7A200CC9E0C /* Sources */,
				FBE411A327ACD7A200CC9E0C /* Frameworks */,
				FBE411A427ACD7A200CC9E0C /* Resources */,
			);
			buildRules = (
			);
			dependencies = (
			);
			name = DailyCheckinApp;
			productName = DailyCheckinApp;
			productReference = FBE411A627ACD7A200CC9E0C /* DailyCheckinApp.app */;
			productType = "com.apple.product-type.application";
		};
/* End PBXNativeTarget section */

/* Begin PBXProject section */
		FBE4119E27ACD7A200CC9E0C /* Project object */ = {
			isa = PBXProject;
			attributes = {
				BuildIndependentTargetsInParallel = 1;
				LastSwiftUpdateCheck = 1320;
				LastUpgradeCheck = 1320;
				TargetAttributes = {
					FBE411A527ACD7A200CC9E0C = {
						CreatedOnToolsVersion = 13.2.1;
					};
				};
			};
			buildConfigurationList = FBE411A127ACD7A200CC9E0C /* Build configuration list for PBXProject "DailyCheckinApp" */;
			compatibilityVersion = "Xcode 13.0";
			developmentRegion = en;
			hasScannedForEncodings = 0;
			knownRegions = (
				en,
				Base,
			);
			mainGroup = FBE4119D27ACD7A200CC9E0C;
			productRefGroup = FBE411A727ACD7A200CC9E0C /* Products */;
			projectDirPath = "";
			projectRoot = "";
			targets = (
				FBE411A527ACD7A200CC9E0C /* DailyCheckinApp */,
			);
		};
/* End PBXProject section */

/* Begin PBXResourcesBuildPhase section */
		FBE411A427ACD7A200CC9E0C /* Resources */ = {
			isa = PBXResourcesBuildPhase;
			buildActionMask = 2147483647;
			files = (
				FBE411B127ACD7A300CC9E0C /* Preview Assets.xcassets in Resources */,
				FBE411AE27ACD7A300CC9E0C /* Assets.xcassets in Resources */,
			);
			runOnlyForDeploymentPostprocessing = 0;
		};
/* End PBXResourcesBuildPhase section */

/* Begin PBXSourcesBuildPhase section */
		FBE411A227ACD7A200CC9E0C /* Sources */ = {
			isa = PBXSourcesBuildPhase;
			buildActionMask = 2147483647;
			files = (
				FBE411AC27ACD7A200CC9E0C /* ContentView.swift in Sources */,
				FB4B87E727ADD7FB007D6528 /* DatePickerView.swift in Sources */,
				FBB1D54727ACDA930072CC2B /* CardView.swift in Sources */,
				FB9F0C6F27AF5C2D00409B2A /* CardBackgroundView.swift in Sources */,
				FBE411AA27ACD7A200CC9E0C /* DailyCheckinAppApp.swift in Sources */,
			);
			runOnlyForDeploymentPostprocessing = 0;
		};
/* End PBXSourcesBuildPhase section */

/* Begin XCBuildConfiguration section */
		FBE411B227ACD7A300CC9E0C /* Debug */ = {
			isa = XCBuildConfiguration;
			buildSettings = {
				ALWAYS_SEARCH_USER_PATHS = NO;
				CLANG_ANALYZER_NONNULL = YES;
				CLANG_ANALYZER_NUMBER_OBJECT_CONVERSION = YES_AGGRESSIVE;
				CLANG_CXX_LANGUAGE_STANDARD = "gnu++17";
				CLANG_CXX_LIBRARY = "libc++";
				CLANG_ENABLE_MODULES = YES;
				CLANG_ENABLE_OBJC_ARC = YES;
				CLANG_ENABLE_OBJC_WEAK = YES;
				CLANG_WARN_BLOCK_CAPTURE_AUTORELEASING = YES;
				CLANG_WARN_BOOL_CONVERSION = YES;
				CLANG_WARN_COMMA = YES;
				CLANG_WARN_CONSTANT_CONVERSION = YES;
				CLANG_WARN_DEPRECATED_OBJC_IMPLEMENTATIONS = YES;
				CLANG_WARN_DIRECT_OBJC_ISA_USAGE = YES_ERROR;
				CLANG_WARN_DOCUMENTATION_COMMENTS = YES;
				CLANG_WARN_EMPTY_BODY = YES;
				CLANG_WARN_ENUM_CONVERSION = YES;
				CLANG_WARN_INFINITE_RECURSION = YES;
				CLANG_WARN_INT_CONVERSION = YES;
				CLANG_WARN_NON_LITERAL_NULL_CONVERSION = YES;
				CLANG_WARN_OBJC_IMPLICIT_RETAIN_SELF = YES;
				CLANG_WARN_OBJC_LITERAL_CONVERSION = YES;
				CLANG_WARN_OBJC_ROOT_CLASS = YES_ERROR;
				CLANG_WARN_QUOTED_INCLUDE_IN_FRAMEWORK_HEADER = YES;
				CLANG_WARN_RANGE_LOOP_ANALYSIS = YES;
				CLANG_WARN_STRICT_PROTOTYPES = YES;
				CLANG_WARN_SUSPICIOUS_MOVE = YES;
				CLANG_WARN_UNGUARDED_AVAILABILITY = YES_AGGRESSIVE;
				CLANG_WARN_UNREACHABLE_CODE = YES;
				CLANG_WARN__DUPLICATE_METHOD_MATCH = YES;
				COPY_PHASE_STRIP = NO;
				DEBUG_INFORMATION_FORMAT = dwarf;
				ENABLE_STRICT_OBJC_MSGSEND = YES;
				ENABLE_TESTABILITY = YES;
				GCC_C_LANGUAGE_STANDARD = gnu11;
				GCC_DYNAMIC_NO_PIC = NO;
				GCC_NO_COMMON_BLOCKS = YES;
				GCC_OPTIMIZATION_LEVEL = 0;
				GCC_PREPROCESSOR_DEFINITIONS = (
					"DEBUG=1",
					"$(inherited)",
				);
				GCC_WARN_64_TO_32_BIT_CONVERSION = YES;
				GCC_WARN_ABOUT_RETURN_TYPE = YES_ERROR;
				GCC_WARN_UNDECLARED_SELECTOR = YES;
				GCC_WARN_UNINITIALIZED_AUTOS = YES_AGGRESSIVE;
				GCC_WARN_UNUSED_FUNCTION = YES;
				GCC_WARN_UNUSED_VARIABLE = YES;
				IPHONEOS_DEPLOYMENT_TARGET = 15.2;
				MTL_ENABLE_DEBUG_INFO = INCLUDE_SOURCE;
				MTL_FAST_MATH = YES;
				ONLY_ACTIVE_ARCH = YES;
				SDKROOT = iphoneos;
				SWIFT_ACTIVE_COMPILATION_CONDITIONS = DEBUG;
				SWIFT_OPTIMIZATION_LEVEL = "-Onone";
			};
			name = Debug;
		};
		FBE411B327ACD7A300CC9E0C /* Release */ = {
			isa = XCBuildConfiguration;
			buildSettings = {
				ALWAYS_SEARCH_USER_PATHS = NO;
				CLANG_ANALYZER_NONNULL = YES;
				CLANG_ANALYZER_NUMBER_OBJECT_CONVERSION = YES_AGGRESSIVE;
				CLANG_CXX_LANGUAGE_STANDARD = "gnu++17";
				CLANG_CXX_LIBRARY = "libc++";
				CLANG_ENABLE_MODULES = YES;
				CLANG_ENABLE_OBJC_ARC = YES;
				CLANG_ENABLE_OBJC_WEAK = YES;
				CLANG_WARN_BLOCK_CAPTURE_AUTORELEASING = YES;
				CLANG_WARN_BOOL_CONVERSION = YES;
				CLANG_WARN_COMMA = YES;
				CLANG_WARN_CONSTANT_CONVERSION = YES;
				CLANG_WARN_DEPRECATED_OBJC_IMPLEMENTATIONS = YES;
				CLANG_WARN_DIRECT_OBJC_ISA_USAGE = YES_ERROR;
				CLANG_WARN_DOCUMENTATION_COMMENTS = YES;
				CLANG_WARN_EMPTY_BODY = YES;
				CLANG_WARN_ENUM_CONVERSION = YES;
				CLANG_WARN_INFINITE_RECURSION = YES;
				CLANG_WARN_INT_CONVERSION = YES;
				CLANG_WARN_NON_LITERAL_NULL_CONVERSION = YES;
				CLANG_WARN_OBJC_IMPLICIT_RETAIN_SELF = YES;
				CLANG_WARN_OBJC_LITERAL_CONVERSION = YES;
				CLANG_WARN_OBJC_ROOT_CLASS = YES_ERROR;
				CLANG_WARN_QUOTED_INCLUDE_IN_FRAMEWORK_HEADER = YES;
				CLANG_WARN_RANGE_LOOP_ANALYSIS = YES;
				CLANG_WARN_STRICT_PROTOTYPES = YES;
				CLANG_WARN_SUSPICIOUS_MOVE = YES;
				CLANG_WARN_UNGUARDED_AVAILABILITY = YES_AGGRESSIVE;
				CLANG_WARN_UNREACHABLE_CODE = YES;
				CLANG_WARN__DUPLICATE_METHOD_MATCH = YES;
				COPY_PHASE_STRIP = NO;
				DEBUG_INFORMATION_FORMAT = "dwarf-with-dsym";
				ENABLE_NS_ASSERTIONS = NO;
				ENABLE_STRICT_OBJC_MSGSEND = YES;
				GCC_C_LANGUAGE_STANDARD = gnu11;
				GCC_NO_COMMON_BLOCKS = YES;
				GCC_WARN_64_TO_32_BIT_CONVERSION = YES;
				GCC_WARN_ABOUT_RETURN_TYPE = YES_ERROR;
				GCC_WARN_UNDECLARED_SELECTOR = YES;
				GCC_WARN_UNINITIALIZED_AUTOS = YES_AGGRESSIVE;
				GCC_WARN_UNUSED_FUNCTION = YES;
				GCC_WARN_UNUSED_VARIABLE = YES;
				IPHONEOS_DEPLOYMENT_TARGET = 15.2;
				MTL_ENABLE_DEBUG_INFO = NO;
				MTL_FAST_MATH = YES;
				SDKROOT = iphoneos;
				SWIFT_COMPILATION_MODE = wholemodule;
				SWIFT_OPTIMIZATION_LEVEL = "-O";
				VALIDATE_PRODUCT = YES;
			};
			name = Release;
		};
		FBE411B527ACD7A300CC9E0C /* Debug */ = {
			isa = XCBuildConfiguration;
			buildSettings = {
				ASSETCATALOG_COMPILER_APPICON_NAME = AppIcon;
				ASSETCATALOG_COMPILER_GLOBAL_ACCENT_COLOR_NAME = AccentColor;
				ASSETCATALOG_COMPILER_INCLUDE_ALL_APPICON_ASSETS = NO;
				CODE_SIGN_ENTITLEMENTS = DailyCheckinApp/DailyCheckinApp.entitlements;
				CODE_SIGN_STYLE = Automatic;
				CURRENT_PROJECT_VERSION = 1;
				DEVELOPMENT_ASSET_PATHS = "\"DailyCheckinApp/Preview Content\"";
				DEVELOPMENT_TEAM = LD578K3BS7;
				ENABLE_PREVIEWS = YES;
				GENERATE_INFOPLIST_FILE = YES;
				INFOPLIST_KEY_UIApplicationSceneManifest_Generation = YES;
				INFOPLIST_KEY_UIApplicationSupportsIndirectInputEvents = YES;
				INFOPLIST_KEY_UILaunchScreen_Generation = YES;
				INFOPLIST_KEY_UISupportedInterfaceOrientations_iPad = "UIInterfaceOrientationPortrait UIInterfaceOrientationPortraitUpsideDown UIInterfaceOrientationLandscapeLeft UIInterfaceOrientationLandscapeRight";
				INFOPLIST_KEY_UISupportedInterfaceOrientations_iPhone = "UIInterfaceOrientationPortrait UIInterfaceOrientationLandscapeLeft UIInterfaceOrientationLandscapeRight";
				LD_RUNPATH_SEARCH_PATHS = (
					"$(inherited)",
					"@executable_path/Frameworks",
				);
				MARKETING_VERSION = 1.0;
				PRODUCT_BUNDLE_IDENTIFIER = ryofuj.DailyCheckinApp;
				PRODUCT_NAME = "$(TARGET_NAME)";
				SWIFT_EMIT_LOC_STRINGS = YES;
				SWIFT_VERSION = 5.0;
				TARGETED_DEVICE_FAMILY = "1,2";
			};
			name = Debug;
		};
		FBE411B627ACD7A300CC9E0C /* Release */ = {
			isa = XCBuildConfiguration;
			buildSettings = {
				ASSETCATALOG_COMPILER_APPICON_NAME = AppIcon;
				ASSETCATALOG_COMPILER_GLOBAL_ACCENT_COLOR_NAME = AccentColor;
				ASSETCATALOG_COMPILER_INCLUDE_ALL_APPICON_ASSETS = NO;
				CODE_SIGN_ENTITLEMENTS = DailyCheckinApp/DailyCheckinApp.entitlements;
				CODE_SIGN_STYLE = Automatic;
				CURRENT_PROJECT_VERSION = 1;
				DEVELOPMENT_ASSET_PATHS = "\"DailyCheckinApp/Preview Content\"";
				DEVELOPMENT_TEAM = LD578K3BS7;
				ENABLE_PREVIEWS = YES;
				GENERATE_INFOPLIST_FILE = YES;
				INFOPLIST_KEY_UIApplicationSceneManifest_Generation = YES;
				INFOPLIST_KEY_UIApplicationSupportsIndirectInputEvents = YES;
				INFOPLIST_KEY_UILaunchScreen_Generation = YES;
				INFOPLIST_KEY_UISupportedInterfaceOrientations_iPad = "UIInterfaceOrientationPortrait UIInterfaceOrientationPortraitUpsideDown UIInterfaceOrientationLandscapeLeft UIInterfaceOrientationLandscapeRight";
				INFOPLIST_KEY_UISupportedInterfaceOrientations_iPhone = "UIInterfaceOrientationPortrait UIInterfaceOrientationLandscapeLeft UIInterfaceOrientationLandscapeRight";
				LD_RUNPATH_SEARCH_PATHS = (
					"$(inherited)",
					"@executable_path/Frameworks",
				);
				MARKETING_VERSION = 1.0;
				PRODUCT_BUNDLE_IDENTIFIER = ryofuj.DailyCheckinApp;
				PRODUCT_NAME = "$(TARGET_NAME)";
				SWIFT_EMIT_LOC_STRINGS = YES;
				SWIFT_VERSION = 5.0;
				TARGETED_DEVICE_FAMILY = "1,2";
			};
			name = Release;
		};
/* End XCBuildConfiguration section */

/* Begin XCConfigurationList section */
		FBE411A127ACD7A200CC9E0C /* Build configuration list for PBXProject "DailyCheckinApp" */ = {
			isa = XCConfigurationList;
			buildConfigurations = (
				FBE411B227ACD7A300CC9E0C /* Debug */,
				FBE411B327ACD7A300CC9E0C /* Release */,
			);
			defaultConfigurationIsVisible = 0;
			defaultConfigurationName = Release;
		};
		FBE411B427ACD7A300CC9E0C /* Build configuration list for PBXNativeTarget "DailyCheckinApp" */ = {
			isa = XCConfigurationList;
			buildConfigurations = (
				FBE411B527ACD7A300CC9E0C /* Debug */,
				FBE411B627ACD7A300CC9E0C /* Release */,
			);
			defaultConfigurationIsVisible = 0;
			defaultConfigurationName = Release;
		};
/* End XCConfigurationList section */
	};
	rootObject = FBE4119E27ACD7A200CC9E0C /* Project object */;
}
